
Microsoft Visual Studio Solution File, Format Version 12.00
# Visual Studio 15
VisualStudioVersion = 15.0.28307.1082
MinimumVisualStudioVersion = 10.0.40219.1
Project("{FAE04EC0-301F-11D3-BF4B-00C04F79EFBC}") = "DemoProject", "DemoProject\DemoProject.csproj", "{82B34187-FE62-41C9-AC99-3B6FE681E659}"
EndProject
Global
	GlobalSection(SolutionConfigurationPlatforms) = preSolution
		Debug|Any CPU = Debug|Any CPU
		Release|Any CPU = Release|Any CPU
	EndGlobalSection
	GlobalSection(ProjectConfigurationPlatforms) = postSolution
		{82B34187-FE62-41C9-AC99-3B6FE681E659}.Debug|Any CPU.ActiveCfg = Debug|Any CPU
		{82B34187-FE62-41C9-AC99-3B6FE681E659}.Debug|Any CPU.Build.0 = Debug|Any CPU
		{82B34187-FE62-41C9-AC99-3B6FE681E659}.Release|Any CPU.ActiveCfg = Release|Any CPU
		{82B34187-FE62-41C9-AC99-3B6FE681E659}.Release|Any CPU.Build.0 = Release|Any CPU
	EndGlobalSection
	GlobalSection(SolutionProperties) = preSolution
		HideSolutionNode = FALSE
	EndGlobalSection
	GlobalSection(ExtensibilityGlobals) = postSolution
		SolutionGuid = {12E884A3-752F-4739-AA86-6C58955FA538}
	EndGlobalSection
EndGlobal
